
Microsoft Visual Studio Solution File, Format Version 12.00
# Visual Studio Version 17
VisualStudioVersion = 17.0.31903.59
MinimumVisualStudioVersion = 10.0.40219.1
Project("{2150E333-8FDC-42A3-9474-1A3956D46DE8}") = "src", "src", "{F7D1A8EB-F09F-4D31-AA37-9DFFFDA4182B}"
EndProject
Project("{FAE04EC0-301F-11D3-BF4B-00C04F79EFBC}") = "PassoCourseApp.Api", "src\PassoCourseApp.Api\PassoCourseApp.Api.csproj", "{1E4883B5-F1EF-4293-9DEA-82384E51C4DB}"
EndProject
Project("{FAE04EC0-301F-11D3-BF4B-00C04F79EFBC}") = "PassoCourseApp.Application", "src\PassoCourseApp.Application\PassoCourseApp.Application.csproj", "{850AC3CA-C02C-4635-8DDF-9F7424D165C6}"
EndProject
Project("{FAE04EC0-301F-11D3-BF4B-00C04F79EFBC}") = "PassoCourseApp.Domain", "src\PassoCourseApp.Domain\PassoCourseApp.Domain.csproj", "{F797623A-034C-4787-9643-C56098284B6B}"
EndProject
Project("{FAE04EC0-301F-11D3-BF4B-00C04F79EFBC}") = "PassoCourseApp.Infrastructure", "src\PassoCourseApp.Infrastructure\PassoCourseApp.Infrastructure.csproj", "{CA3373EB-8003-4DA3-A313-2F14E686F92B}"
EndProject
Project("{FAE04EC0-301F-11D3-BF4B-00C04F79EFBC}") = "PassoCourseApp.UnitTest", "src\PassoCourseApp.UnitTest\PassoCourseApp.UnitTest.csproj", "{38C8B61B-D0C6-49D4-B921-745594082F2A}"
EndProject
Global
	GlobalSection(SolutionConfigurationPlatforms) = preSolution
		Debug|Any CPU = Debug|Any CPU
		Release|Any CPU = Release|Any CPU
	EndGlobalSection
	GlobalSection(SolutionProperties) = preSolution
		HideSolutionNode = FALSE
	EndGlobalSection
	GlobalSection(ProjectConfigurationPlatforms) = postSolution
		{1E4883B5-F1EF-4293-9DEA-82384E51C4DB}.Debug|Any CPU.ActiveCfg = Debug|Any CPU
		{1E4883B5-F1EF-4293-9DEA-82384E51C4DB}.Debug|Any CPU.Build.0 = Debug|Any CPU
		{1E4883B5-F1EF-4293-9DEA-82384E51C4DB}.Release|Any CPU.ActiveCfg = Release|Any CPU
		{1E4883B5-F1EF-4293-9DEA-82384E51C4DB}.Release|Any CPU.Build.0 = Release|Any CPU
		{850AC3CA-C02C-4635-8DDF-9F7424D165C6}.Debug|Any CPU.ActiveCfg = Debug|Any CPU
		{850AC3CA-C02C-4635-8DDF-9F7424D165C6}.Debug|Any CPU.Build.0 = Debug|Any CPU
		{850AC3CA-C02C-4635-8DDF-9F7424D165C6}.Release|Any CPU.ActiveCfg = Release|Any CPU
		{850AC3CA-C02C-4635-8DDF-9F7424D165C6}.Release|Any CPU.Build.0 = Release|Any CPU
		{F797623A-034C-4787-9643-C56098284B6B}.Debug|Any CPU.ActiveCfg = Debug|Any CPU
		{F797623A-034C-4787-9643-C56098284B6B}.Debug|Any CPU.Build.0 = Debug|Any CPU
		{F797623A-034C-4787-9643-C56098284B6B}.Release|Any CPU.ActiveCfg = Release|Any CPU
		{F797623A-034C-4787-9643-C56098284B6B}.Release|Any CPU.Build.0 = Release|Any CPU
		{CA3373EB-8003-4DA3-A313-2F14E686F92B}.Debug|Any CPU.ActiveCfg = Debug|Any CPU
		{CA3373EB-8003-4DA3-A313-2F14E686F92B}.Debug|Any CPU.Build.0 = Debug|Any CPU
		{CA3373EB-8003-4DA3-A313-2F14E686F92B}.Release|Any CPU.ActiveCfg = Release|Any CPU
		{CA3373EB-8003-4DA3-A313-2F14E686F92B}.Release|Any CPU.Build.0 = Release|Any CPU
		{38C8B61B-D0C6-49D4-B921-745594082F2A}.Debug|Any CPU.ActiveCfg = Debug|Any CPU
		{38C8B61B-D0C6-49D4-B921-745594082F2A}.Debug|Any CPU.Build.0 = Debug|Any CPU
		{38C8B61B-D0C6-49D4-B921-745594082F2A}.Release|Any CPU.ActiveCfg = Release|Any CPU
		{38C8B61B-D0C6-49D4-B921-745594082F2A}.Release|Any CPU.Build.0 = Release|Any CPU
	EndGlobalSection
	GlobalSection(NestedProjects) = preSolution
		{1E4883B5-F1EF-4293-9DEA-82384E51C4DB} = {F7D1A8EB-F09F-4D31-AA37-9DFFFDA4182B}
		{850AC3CA-C02C-4635-8DDF-9F7424D165C6} = {F7D1A8EB-F09F-4D31-AA37-9DFFFDA4182B}
		{F797623A-034C-4787-9643-C56098284B6B} = {F7D1A8EB-F09F-4D31-AA37-9DFFFDA4182B}
		{CA3373EB-8003-4DA3-A313-2F14E686F92B} = {F7D1A8EB-F09F-4D31-AA37-9DFFFDA4182B}
		{38C8B61B-D0C6-49D4-B921-745594082F2A} = {F7D1A8EB-F09F-4D31-AA37-9DFFFDA4182B}
	EndGlobalSection
EndGlobal
